// !$*UTF8*$!
{
	archiveVersion = 1;
	classes = {
	};
	objectVersion = 50;
	objects = {

/* Begin PBXBuildFile section */
		624928E1D82E6B2EF7BC8922 /* Pods_TestApp.framework in Frameworks */ = {isa = PBXBuildFile; fileRef = 8C62F9338247060309DC1073 /* Pods_TestApp.framework */; };
		E07A49B52232BE96009C12E1 /* ProspectListViewController.swift in Sources */ = {isa = PBXBuildFile; fileRef = E07A49B42232BE96009C12E1 /* ProspectListViewController.swift */; };
		E07A49B72232BEFC009C12E1 /* ProspectIndex.storyboard in Resources */ = {isa = PBXBuildFile; fileRef = E07A49B62232BEFC009C12E1 /* ProspectIndex.storyboard */; };
		E0D0C7FC2231A4D200A97094 /* LoginResponse.swift in Sources */ = {isa = PBXBuildFile; fileRef = E0D0C7FB2231A4D200A97094 /* LoginResponse.swift */; };
		E0D6FBF12231490800B64AF7 /* AppDelegate.swift in Sources */ = {isa = PBXBuildFile; fileRef = E0D6FBF02231490800B64AF7 /* AppDelegate.swift */; };
		E0D6FBF32231490800B64AF7 /* ViewController.swift in Sources */ = {isa = PBXBuildFile; fileRef = E0D6FBF22231490800B64AF7 /* ViewController.swift */; };
		E0D6FBF62231490800B64AF7 /* Main.storyboard in Resources */ = {isa = PBXBuildFile; fileRef = E0D6FBF42231490800B64AF7 /* Main.storyboard */; };
		E0D6FBF82231490E00B64AF7 /* Assets.xcassets in Resources */ = {isa = PBXBuildFile; fileRef = E0D6FBF72231490E00B64AF7 /* Assets.xcassets */; };
		E0D6FBFB2231490E00B64AF7 /* LaunchScreen.storyboard in Resources */ = {isa = PBXBuildFile; fileRef = E0D6FBF92231490E00B64AF7 /* LaunchScreen.storyboard */; };
		E0D6FC062231521100B64AF7 /* Login.storyboard in Resources */ = {isa = PBXBuildFile; fileRef = E0D6FC042231521100B64AF7 /* Login.storyboard */; };
		E0D6FC0A2231539900B64AF7 /* LoginViewController.swift in Sources */ = {isa = PBXBuildFile; fileRef = E0D6FC092231539900B64AF7 /* LoginViewController.swift */; };
/* End PBXBuildFile section */

/* Begin PBXFileReference section */
		6E0512B4EF80345B0E14C225 /* Pods-TestApp.release.xcconfig */ = {isa = PBXFileReference; includeInIndex = 1; lastKnownFileType = text.xcconfig; name = "Pods-TestApp.release.xcconfig"; path = "Pods/Target Support Files/Pods-TestApp/Pods-TestApp.release.xcconfig"; sourceTree = "<group>"; };
		8C62F9338247060309DC1073 /* Pods_TestApp.framework */ = {isa = PBXFileReference; explicitFileType = wrapper.framework; includeInIndex = 0; path = Pods_TestApp.framework; sourceTree = BUILT_PRODUCTS_DIR; };
		A02DD6C5BABEE37A0C04A123 /* Pods-TestApp.debug.xcconfig */ = {isa = PBXFileReference; includeInIndex = 1; lastKnownFileType = text.xcconfig; name = "Pods-TestApp.debug.xcconfig"; path = "Pods/Target Support Files/Pods-TestApp/Pods-TestApp.debug.xcconfig"; sourceTree = "<group>"; };
		E07A49B42232BE96009C12E1 /* ProspectListViewController.swift */ = {isa = PBXFileReference; lastKnownFileType = sourcecode.swift; path = ProspectListViewController.swift; sourceTree = "<group>"; };
		E07A49B62232BEFC009C12E1 /* ProspectIndex.storyboard */ = {isa = PBXFileReference; fileEncoding = 4; lastKnownFileType = file.storyboard; path = ProspectIndex.storyboard; sourceTree = "<group>"; };
		E0D0C7FB2231A4D200A97094 /* LoginResponse.swift */ = {isa = PBXFileReference; lastKnownFileType = sourcecode.swift; path = LoginResponse.swift; sourceTree = "<group>"; };
		E0D6FBED2231490800B64AF7 /* TestApp.app */ = {isa = PBXFileReference; explicitFileType = wrapper.application; includeInIndex = 0; path = TestApp.app; sourceTree = BUILT_PRODUCTS_DIR; };
		E0D6FBF02231490800B64AF7 /* AppDelegate.swift */ = {isa = PBXFileReference; lastKnownFileType = sourcecode.swift; path = AppDelegate.swift; sourceTree = "<group>"; };
		E0D6FBF22231490800B64AF7 /* ViewController.swift */ = {isa = PBXFileReference; lastKnownFileType = sourcecode.swift; path = ViewController.swift; sourceTree = "<group>"; };
		E0D6FBF52231490800B64AF7 /* Base */ = {isa = PBXFileReference; lastKnownFileType = file.storyboard; name = Base; path = Base.lproj/Main.storyboard; sourceTree = "<group>"; };
		E0D6FBF72231490E00B64AF7 /* Assets.xcassets */ = {isa = PBXFileReference; lastKnownFileType = folder.assetcatalog; path = Assets.xcassets; sourceTree = "<group>"; };
		E0D6FBFA2231490E00B64AF7 /* Base */ = {isa = PBXFileReference; lastKnownFileType = file.storyboard; name = Base; path = Base.lproj/LaunchScreen.storyboard; sourceTree = "<group>"; };
		E0D6FBFC2231490E00B64AF7 /* Info.plist */ = {isa = PBXFileReference; lastKnownFileType = text.plist.xml; path = Info.plist; sourceTree = "<group>"; };
		E0D6FC052231521100B64AF7 /* Base */ = {isa = PBXFileReference; lastKnownFileType = file.storyboard; name = Base; path = TestApp/Base.lproj/Login.storyboard; sourceTree = "<group>"; };
		E0D6FC092231539900B64AF7 /* LoginViewController.swift */ = {isa = PBXFileReference; lastKnownFileType = sourcecode.swift; path = LoginViewController.swift; sourceTree = "<group>"; };
/* End PBXFileReference section */

/* Begin PBXFrameworksBuildPhase section */
		E0D6FBEA2231490800B64AF7 /* Frameworks */ = {
			isa = PBXFrameworksBuildPhase;
			buildActionMask = 2147483647;
			files = (
				624928E1D82E6B2EF7BC8922 /* Pods_TestApp.framework in Frameworks */,
			);
			runOnlyForDeploymentPostprocessing = 0;
		};
/* End PBXFrameworksBuildPhase section */

/* Begin PBXGroup section */
		2E70A644873506A278F8B3C0 /* Pods */ = {
			isa = PBXGroup;
			children = (
				A02DD6C5BABEE37A0C04A123 /* Pods-TestApp.debug.xcconfig */,
				6E0512B4EF80345B0E14C225 /* Pods-TestApp.release.xcconfig */,
			);
			name = Pods;
			sourceTree = "<group>";
		};
		E0D0C7F82231A3C300A97094 /* Entities */ = {
			isa = PBXGroup;
			children = (
				E0D0C7FA2231A48D00A97094 /* Request */,
				E0D0C7F92231A48100A97094 /* Responses */,
			);
			path = Entities;
			sourceTree = "<group>";
		};
		E0D0C7F92231A48100A97094 /* Responses */ = {
			isa = PBXGroup;
			children = (
				E0D0C7FB2231A4D200A97094 /* LoginResponse.swift */,
			);
			path = Responses;
			sourceTree = "<group>";
		};
		E0D0C7FA2231A48D00A97094 /* Request */ = {
			isa = PBXGroup;
			children = (
			);
			path = Request;
			sourceTree = "<group>";
		};
		E0D6FBE42231490800B64AF7 = {
			isa = PBXGroup;
			children = (
				E0D6FBEF2231490800B64AF7 /* TestApp */,
				E0D6FBEE2231490800B64AF7 /* Products */,
				2E70A644873506A278F8B3C0 /* Pods */,
				E851EC9FC99096361B1C0D5E /* Frameworks */,
			);
			sourceTree = "<group>";
		};
		E0D6FBEE2231490800B64AF7 /* Products */ = {
			isa = PBXGroup;
			children = (
				E0D6FBED2231490800B64AF7 /* TestApp.app */,
			);
			name = Products;
			sourceTree = "<group>";
		};
		E0D6FBEF2231490800B64AF7 /* TestApp */ = {
			isa = PBXGroup;
			children = (
				E0D0C7F82231A3C300A97094 /* Entities */,
				E0D6FC082231527F00B64AF7 /* ViewControllers */,
				E0D6FC072231527100B64AF7 /* Views */,
				E0D6FBF02231490800B64AF7 /* AppDelegate.swift */,
				E0D6FBF72231490E00B64AF7 /* Assets.xcassets */,
				E0D6FBFC2231490E00B64AF7 /* Info.plist */,
			);
			path = TestApp;
			sourceTree = "<group>";
		};
		E0D6FC072231527100B64AF7 /* Views */ = {
			isa = PBXGroup;
			children = (
				E07A49B62232BEFC009C12E1 /* ProspectIndex.storyboard */,
				E0D6FBF42231490800B64AF7 /* Main.storyboard */,
				E0D6FC042231521100B64AF7 /* Login.storyboard */,
				E0D6FBF92231490E00B64AF7 /* LaunchScreen.storyboard */,
			);
			path = Views;
			sourceTree = "<group>";
		};
		E0D6FC082231527F00B64AF7 /* ViewControllers */ = {
			isa = PBXGroup;
			children = (
				E0D6FBF22231490800B64AF7 /* ViewController.swift */,
				E0D6FC092231539900B64AF7 /* LoginViewController.swift */,
				E07A49B42232BE96009C12E1 /* ProspectListViewController.swift */,
			);
			path = ViewControllers;
			sourceTree = "<group>";
		};
		E851EC9FC99096361B1C0D5E /* Frameworks */ = {
			isa = PBXGroup;
			children = (
				8C62F9338247060309DC1073 /* Pods_TestApp.framework */,
			);
			name = Frameworks;
			sourceTree = "<group>";
		};
/* End PBXGroup section */

/* Begin PBXNativeTarget section */
		E0D6FBEC2231490800B64AF7 /* TestApp */ = {
			isa = PBXNativeTarget;
			buildConfigurationList = E0D6FBFF2231490E00B64AF7 /* Build configuration list for PBXNativeTarget "TestApp" */;
			buildPhases = (
				A07B7537EAA52F44B7AA0183 /* [CP] Check Pods Manifest.lock */,
				E0D6FBE92231490800B64AF7 /* Sources */,
				E0D6FBEA2231490800B64AF7 /* Frameworks */,
				E0D6FBEB2231490800B64AF7 /* Resources */,
				FE2B7308BB98713DC1942CFB /* [CP] Embed Pods Frameworks */,
				9725E35749FDD22CDDF5A841 /* [CP] Copy Pods Resources */,
			);
			buildRules = (
			);
			dependencies = (
			);
			name = TestApp;
			productName = TestApp;
			productReference = E0D6FBED2231490800B64AF7 /* TestApp.app */;
			productType = "com.apple.product-type.application";
		};
/* End PBXNativeTarget section */

/* Begin PBXProject section */
		E0D6FBE52231490800B64AF7 /* Project object */ = {
			isa = PBXProject;
			attributes = {
				LastSwiftUpdateCheck = 1010;
				LastUpgradeCheck = 1010;
				ORGANIZATIONNAME = intergrupo;
				TargetAttributes = {
					E0D6FBEC2231490800B64AF7 = {
						CreatedOnToolsVersion = 10.1;
					};
				};
			};
			buildConfigurationList = E0D6FBE82231490800B64AF7 /* Build configuration list for PBXProject "TestApp" */;
			compatibilityVersion = "Xcode 9.3";
			developmentRegion = en;
			hasScannedForEncodings = 0;
			knownRegions = (
				en,
				Base,
			);
			mainGroup = E0D6FBE42231490800B64AF7;
			productRefGroup = E0D6FBEE2231490800B64AF7 /* Products */;
			projectDirPath = "";
			projectRoot = "";
			targets = (
				E0D6FBEC2231490800B64AF7 /* TestApp */,
			);
		};
/* End PBXProject section */

/* Begin PBXResourcesBuildPhase section */
		E0D6FBEB2231490800B64AF7 /* Resources */ = {
			isa = PBXResourcesBuildPhase;
			buildActionMask = 2147483647;
			files = (
				E0D6FC062231521100B64AF7 /* Login.storyboard in Resources */,
				E0D6FBFB2231490E00B64AF7 /* LaunchScreen.storyboard in Resources */,
				E07A49B72232BEFC009C12E1 /* ProspectIndex.storyboard in Resources */,
				E0D6FBF82231490E00B64AF7 /* Assets.xcassets in Resources */,
				E0D6FBF62231490800B64AF7 /* Main.storyboard in Resources */,
			);
			runOnlyForDeploymentPostprocessing = 0;
		};
/* End PBXResourcesBuildPhase section */

/* Begin PBXShellScriptBuildPhase section */
		9725E35749FDD22CDDF5A841 /* [CP] Copy Pods Resources */ = {
			isa = PBXShellScriptBuildPhase;
			buildActionMask = 2147483647;
			files = (
			);
			inputPaths = (
			);
			name = "[CP] Copy Pods Resources";
			outputPaths = (
			);
			runOnlyForDeploymentPostprocessing = 0;
			shellPath = /bin/sh;
			shellScript = "\"${SRCROOT}/Pods/Target Support Files/Pods-TestApp/Pods-TestApp-resources.sh\"\n";
			showEnvVarsInLog = 0;
		};
		A07B7537EAA52F44B7AA0183 /* [CP] Check Pods Manifest.lock */ = {
			isa = PBXShellScriptBuildPhase;
			buildActionMask = 2147483647;
			files = (
			);
			inputPaths = (
				"${PODS_PODFILE_DIR_PATH}/Podfile.lock",
				"${PODS_ROOT}/Manifest.lock",
			);
			name = "[CP] Check Pods Manifest.lock";
			outputPaths = (
				"$(DERIVED_FILE_DIR)/Pods-TestApp-checkManifestLockResult.txt",
			);
			runOnlyForDeploymentPostprocessing = 0;
			shellPath = /bin/sh;
			shellScript = "diff \"${PODS_PODFILE_DIR_PATH}/Podfile.lock\" \"${PODS_ROOT}/Manifest.lock\" > /dev/null\nif [ $? != 0 ] ; then\n    # print error to STDERR\n    echo \"error: The sandbox is not in sync with the Podfile.lock. Run 'pod install' or update your CocoaPods installation.\" >&2\n    exit 1\nfi\n# This output is used by Xcode 'outputs' to avoid re-running this script phase.\necho \"SUCCESS\" > \"${SCRIPT_OUTPUT_FILE_0}\"\n";
			showEnvVarsInLog = 0;
		};
		FE2B7308BB98713DC1942CFB /* [CP] Embed Pods Frameworks */ = {
			isa = PBXShellScriptBuildPhase;
			buildActionMask = 2147483647;
			files = (
			);
			inputPaths = (
				"${SRCROOT}/Pods/Target Support Files/Pods-TestApp/Pods-TestApp-frameworks.sh",
				"${BUILT_PRODUCTS_DIR}/Alamofire/Alamofire.framework",
				"${BUILT_PRODUCTS_DIR}/ObjectMapper/ObjectMapper.framework",
			);
			name = "[CP] Embed Pods Frameworks";
			outputPaths = (
				"${TARGET_BUILD_DIR}/${FRAMEWORKS_FOLDER_PATH}/Alamofire.framework",
				"${TARGET_BUILD_DIR}/${FRAMEWORKS_FOLDER_PATH}/ObjectMapper.framework",
			);
			runOnlyForDeploymentPostprocessing = 0;
			shellPath = /bin/sh;
			shellScript = "\"${SRCROOT}/Pods/Target Support Files/Pods-TestApp/Pods-TestApp-frameworks.sh\"\n";
			showEnvVarsInLog = 0;
		};
/* End PBXShellScriptBuildPhase section */

/* Begin PBXSourcesBuildPhase section */
		E0D6FBE92231490800B64AF7 /* Sources */ = {
			isa = PBXSourcesBuildPhase;
			buildActionMask = 2147483647;
			files = (
				E0D6FC0A2231539900B64AF7 /* LoginViewController.swift in Sources */,
				E0D6FBF32231490800B64AF7 /* ViewController.swift in Sources */,
				E0D0C7FC2231A4D200A97094 /* LoginResponse.swift in Sources */,
				E0D6FBF12231490800B64AF7 /* AppDelegate.swift in Sources */,
				E07A49B52232BE96009C12E1 /* ProspectListViewController.swift in Sources */,
			);
			runOnlyForDeploymentPostprocessing = 0;
		};
/* End PBXSourcesBuildPhase section */

/* Begin PBXVariantGroup section */
		E0D6FBF42231490800B64AF7 /* Main.storyboard */ = {
			isa = PBXVariantGroup;
			children = (
				E0D6FBF52231490800B64AF7 /* Base */,
			);
			name = Main.storyboard;
			sourceTree = "<group>";
		};
		E0D6FBF92231490E00B64AF7 /* LaunchScreen.storyboard */ = {
			isa = PBXVariantGroup;
			children = (
				E0D6FBFA2231490E00B64AF7 /* Base */,
			);
			name = LaunchScreen.storyboard;
			sourceTree = "<group>";
		};
		E0D6FC042231521100B64AF7 /* Login.storyboard */ = {
			isa = PBXVariantGroup;
			children = (
				E0D6FC052231521100B64AF7 /* Base */,
			);
			name = Login.storyboard;
			sourceTree = "<group>";
		};
/* End PBXVariantGroup section */

/* Begin XCBuildConfiguration section */
		E0D6FBFD2231490E00B64AF7 /* Debug */ = {
			isa = XCBuildConfiguration;
			buildSettings = {
				ALWAYS_SEARCH_USER_PATHS = NO;
				CLANG_ANALYZER_NONNULL = YES;
				CLANG_ANALYZER_NUMBER_OBJECT_CONVERSION = YES_AGGRESSIVE;
				CLANG_CXX_LANGUAGE_STANDARD = "gnu++14";
				CLANG_CXX_LIBRARY = "libc++";
				CLANG_ENABLE_MODULES = YES;
				CLANG_ENABLE_OBJC_ARC = YES;
				CLANG_ENABLE_OBJC_WEAK = YES;
				CLANG_WARN_BLOCK_CAPTURE_AUTORELEASING = YES;
				CLANG_WARN_BOOL_CONVERSION = YES;
				CLANG_WARN_COMMA = YES;
				CLANG_WARN_CONSTANT_CONVERSION = YES;
				CLANG_WARN_DEPRECATED_OBJC_IMPLEMENTATIONS = YES;
				CLANG_WARN_DIRECT_OBJC_ISA_USAGE = YES_ERROR;
				CLANG_WARN_DOCUMENTATION_COMMENTS = YES;
				CLANG_WARN_EMPTY_BODY = YES;
				CLANG_WARN_ENUM_CONVERSION = YES;
				CLANG_WARN_INFINITE_RECURSION = YES;
				CLANG_WARN_INT_CONVERSION = YES;
				CLANG_WARN_NON_LITERAL_NULL_CONVERSION = YES;
				CLANG_WARN_OBJC_IMPLICIT_RETAIN_SELF = YES;
				CLANG_WARN_OBJC_LITERAL_CONVERSION = YES;
				CLANG_WARN_OBJC_ROOT_CLASS = YES_ERROR;
				CLANG_WARN_RANGE_LOOP_ANALYSIS = YES;
				CLANG_WARN_STRICT_PROTOTYPES = YES;
				CLANG_WARN_SUSPICIOUS_MOVE = YES;
				CLANG_WARN_UNGUARDED_AVAILABILITY = YES_AGGRESSIVE;
				CLANG_WARN_UNREACHABLE_CODE = YES;
				CLANG_WARN__DUPLICATE_METHOD_MATCH = YES;
				CODE_SIGN_IDENTITY = "iPhone Developer";
				COPY_PHASE_STRIP = NO;
				DEBUG_INFORMATION_FORMAT = dwarf;
				ENABLE_STRICT_OBJC_MSGSEND = YES;
				ENABLE_TESTABILITY = YES;
				GCC_C_LANGUAGE_STANDARD = gnu11;
				GCC_DYNAMIC_NO_PIC = NO;
				GCC_NO_COMMON_BLOCKS = YES;
				GCC_OPTIMIZATION_LEVEL = 0;
				GCC_PREPROCESSOR_DEFINITIONS = (
					"DEBUG=1",
					"$(inherited)",
				);
				GCC_WARN_64_TO_32_BIT_CONVERSION = YES;
				GCC_WARN_ABOUT_RETURN_TYPE = YES_ERROR;
				GCC_WARN_UNDECLARED_SELECTOR = YES;
				GCC_WARN_UNINITIALIZED_AUTOS = YES_AGGRESSIVE;
				GCC_WARN_UNUSED_FUNCTION = YES;
				GCC_WARN_UNUSED_VARIABLE = YES;
				IPHONEOS_DEPLOYMENT_TARGET = 12.1;
				MTL_ENABLE_DEBUG_INFO = INCLUDE_SOURCE;
				MTL_FAST_MATH = YES;
				ONLY_ACTIVE_ARCH = YES;
				SDKROOT = iphoneos;
				SWIFT_ACTIVE_COMPILATION_CONDITIONS = DEBUG;
				SWIFT_OPTIMIZATION_LEVEL = "-Onone";
			};
			name = Debug;
		};
		E0D6FBFE2231490E00B64AF7 /* Release */ = {
			isa = XCBuildConfiguration;
			buildSettings = {
				ALWAYS_SEARCH_USER_PATHS = NO;
				CLANG_ANALYZER_NONNULL = YES;
				CLANG_ANALYZER_NUMBER_OBJECT_CONVERSION = YES_AGGRESSIVE;
				CLANG_CXX_LANGUAGE_STANDARD = "gnu++14";
				CLANG_CXX_LIBRARY = "libc++";
				CLANG_ENABLE_MODULES = YES;
				CLANG_ENABLE_OBJC_ARC = YES;
				CLANG_ENABLE_OBJC_WEAK = YES;
				CLANG_WARN_BLOCK_CAPTURE_AUTORELEASING = YES;
				CLANG_WARN_BOOL_CONVERSION = YES;
				CLANG_WARN_COMMA = YES;
				CLANG_WARN_CONSTANT_CONVERSION = YES;
				CLANG_WARN_DEPRECATED_OBJC_IMPLEMENTATIONS = YES;
				CLANG_WARN_DIRECT_OBJC_ISA_USAGE = YES_ERROR;
				CLANG_WARN_DOCUMENTATION_COMMENTS = YES;
				CLANG_WARN_EMPTY_BODY = YES;
				CLANG_WARN_ENUM_CONVERSION = YES;
				CLANG_WARN_INFINITE_RECURSION = YES;
				CLANG_WARN_INT_CONVERSION = YES;
				CLANG_WARN_NON_LITERAL_NULL_CONVERSION = YES;
				CLANG_WARN_OBJC_IMPLICIT_RETAIN_SELF = YES;
				CLANG_WARN_OBJC_LITERAL_CONVERSION = YES;
				CLANG_WARN_OBJC_ROOT_CLASS = YES_ERROR;
				CLANG_WARN_RANGE_LOOP_ANALYSIS = YES;
				CLANG_WARN_STRICT_PROTOTYPES = YES;
				CLANG_WARN_SUSPICIOUS_MOVE = YES;
				CLANG_WARN_UNGUARDED_AVAILABILITY = YES_AGGRESSIVE;
				CLANG_WARN_UNREACHABLE_CODE = YES;
				CLANG_WARN__DUPLICATE_METHOD_MATCH = YES;
				CODE_SIGN_IDENTITY = "iPhone Developer";
				COPY_PHASE_STRIP = NO;
				DEBUG_INFORMATION_FORMAT = "dwarf-with-dsym";
				ENABLE_NS_ASSERTIONS = NO;
				ENABLE_STRICT_OBJC_MSGSEND = YES;
				GCC_C_LANGUAGE_STANDARD = gnu11;
				GCC_NO_COMMON_BLOCKS = YES;
				GCC_WARN_64_TO_32_BIT_CONVERSION = YES;
				GCC_WARN_ABOUT_RETURN_TYPE = YES_ERROR;
				GCC_WARN_UNDECLARED_SELECTOR = YES;
				GCC_WARN_UNINITIALIZED_AUTOS = YES_AGGRESSIVE;
				GCC_WARN_UNUSED_FUNCTION = YES;
				GCC_WARN_UNUSED_VARIABLE = YES;
				IPHONEOS_DEPLOYMENT_TARGET = 12.1;
				MTL_ENABLE_DEBUG_INFO = NO;
				MTL_FAST_MATH = YES;
				SDKROOT = iphoneos;
				SWIFT_COMPILATION_MODE = wholemodule;
				SWIFT_OPTIMIZATION_LEVEL = "-O";
				VALIDATE_PRODUCT = YES;
			};
			name = Release;
		};
		E0D6FC002231490E00B64AF7 /* Debug */ = {
			isa = XCBuildConfiguration;
			baseConfigurationReference = A02DD6C5BABEE37A0C04A123 /* Pods-TestApp.debug.xcconfig */;
			buildSettings = {
				ASSETCATALOG_COMPILER_APPICON_NAME = AppIcon;
				CODE_SIGN_STYLE = Automatic;
				INFOPLIST_FILE = TestApp/Info.plist;
				IPHONEOS_DEPLOYMENT_TARGET = 10.3;
				LD_RUNPATH_SEARCH_PATHS = (
					"$(inherited)",
					"@executable_path/Frameworks",
				);
				PRODUCT_BUNDLE_IDENTIFIER = ig.TestApp;
				PRODUCT_NAME = "$(TARGET_NAME)";
				SWIFT_VERSION = 4.2;
				TARGETED_DEVICE_FAMILY = "1,2";
			};
			name = Debug;
		};
		E0D6FC012231490E00B64AF7 /* Release */ = {
			isa = XCBuildConfiguration;
			baseConfigurationReference = 6E0512B4EF80345B0E14C225 /* Pods-TestApp.release.xcconfig */;
			buildSettings = {
				ASSETCATALOG_COMPILER_APPICON_NAME = AppIcon;
				CODE_SIGN_STYLE = Automatic;
				INFOPLIST_FILE = TestApp/Info.plist;
				IPHONEOS_DEPLOYMENT_TARGET = 10.3;
				LD_RUNPATH_SEARCH_PATHS = (
					"$(inherited)",
					"@executable_path/Frameworks",
				);
				PRODUCT_BUNDLE_IDENTIFIER = ig.TestApp;
				PRODUCT_NAME = "$(TARGET_NAME)";
				SWIFT_VERSION = 4.2;
				TARGETED_DEVICE_FAMILY = "1,2";
			};
			name = Release;
		};
/* End XCBuildConfiguration section */

/* Begin XCConfigurationList section */
		E0D6FBE82231490800B64AF7 /* Build configuration list for PBXProject "TestApp" */ = {
			isa = XCConfigurationList;
			buildConfigurations = (
				E0D6FBFD2231490E00B64AF7 /* Debug */,
				E0D6FBFE2231490E00B64AF7 /* Release */,
			);
			defaultConfigurationIsVisible = 0;
			defaultConfigurationName = Release;
		};
		E0D6FBFF2231490E00B64AF7 /* Build configuration list for PBXNativeTarget "TestApp" */ = {
			isa = XCConfigurationList;
			buildConfigurations = (
				E0D6FC002231490E00B64AF7 /* Debug */,
				E0D6FC012231490E00B64AF7 /* Release */,
			);
			defaultConfigurationIsVisible = 0;
			defaultConfigurationName = Release;
		};
/* End XCConfigurationList section */
	};
	rootObject = E0D6FBE52231490800B64AF7 /* Project object */;
}
